
Microsoft Visual Studio Solution File, Format Version 12.00
# Visual Studio Version 16
VisualStudioVersion = 16.0.30523.141
MinimumVisualStudioVersion = 10.0.40219.1
Project("{2150E333-8FDC-42A3-9474-1A3956D46DE8}") = "src", "src", "{7EF6B71E-64CF-45D0-A9BC-0DB00D1D8723}"
EndProject
Project("{2150E333-8FDC-42A3-9474-1A3956D46DE8}") = "core", "core", "{B5BEB032-E221-4D2A-BB3F-13B5C37A1D3F}"
EndProject
Project("{2150E333-8FDC-42A3-9474-1A3956D46DE8}") = "presentation", "presentation", "{4C1C043E-8E14-47A7-96E7-6FB4EBF1D7BB}"
EndProject
Project("{2150E333-8FDC-42A3-9474-1A3956D46DE8}") = "infrastructure", "infrastructure", "{2B7B12A3-1C43-400F-8710-A50063DE4875}"
EndProject
Project("{9A19103F-16F7-4668-BE54-9A1E7A4F7556}") = "WpfUI", "WpfUI\WpfUI.csproj", "{369EC7A5-0E62-46AF-9131-9020959AA933}"
EndProject
Project("{9A19103F-16F7-4668-BE54-9A1E7A4F7556}") = "WebUI", "WebUI\WebUI.csproj", "{5286111B-0CD1-4E10-860A-E4999BF81590}"
EndProject
Project("{9A19103F-16F7-4668-BE54-9A1E7A4F7556}") = "Domain", "Domain\Domain.csproj", "{76ACEF88-4B5D-466B-80FE-423EB5BDAB83}"
EndProject
Project("{9A19103F-16F7-4668-BE54-9A1E7A4F7556}") = "Infrastructure", "Infrastructure\Infrastructure.csproj", "{C4C76958-1FB0-4B92-9991-C2AEBEADD081}"
EndProject
Project("{9A19103F-16F7-4668-BE54-9A1E7A4F7556}") = "Application", "Application\Application.csproj", "{E4911E89-420B-4EBE-B0D3-5FA25A3FE77C}"
EndProject
Project("{FAE04EC0-301F-11D3-BF4B-00C04F79EFBC}") = "ServiceCollections", "ServiceCollections\ServiceCollections.csproj", "{107E32CD-445E-4B43-A1BC-3128A476B1D6}"
EndProject
Global
	GlobalSection(SolutionConfigurationPlatforms) = preSolution
		Debug|Any CPU = Debug|Any CPU
		Release|Any CPU = Release|Any CPU
	EndGlobalSection
	GlobalSection(ProjectConfigurationPlatforms) = postSolution
		{369EC7A5-0E62-46AF-9131-9020959AA933}.Debug|Any CPU.ActiveCfg = Debug|Any CPU
		{369EC7A5-0E62-46AF-9131-9020959AA933}.Debug|Any CPU.Build.0 = Debug|Any CPU
		{369EC7A5-0E62-46AF-9131-9020959AA933}.Release|Any CPU.ActiveCfg = Release|Any CPU
		{369EC7A5-0E62-46AF-9131-9020959AA933}.Release|Any CPU.Build.0 = Release|Any CPU
		{5286111B-0CD1-4E10-860A-E4999BF81590}.Debug|Any CPU.ActiveCfg = Debug|Any CPU
		{5286111B-0CD1-4E10-860A-E4999BF81590}.Debug|Any CPU.Build.0 = Debug|Any CPU
		{5286111B-0CD1-4E10-860A-E4999BF81590}.Release|Any CPU.ActiveCfg = Release|Any CPU
		{5286111B-0CD1-4E10-860A-E4999BF81590}.Release|Any CPU.Build.0 = Release|Any CPU
		{76ACEF88-4B5D-466B-80FE-423EB5BDAB83}.Debug|Any CPU.ActiveCfg = Debug|Any CPU
		{76ACEF88-4B5D-466B-80FE-423EB5BDAB83}.Debug|Any CPU.Build.0 = Debug|Any CPU
		{76ACEF88-4B5D-466B-80FE-423EB5BDAB83}.Release|Any CPU.ActiveCfg = Release|Any CPU
		{76ACEF88-4B5D-466B-80FE-423EB5BDAB83}.Release|Any CPU.Build.0 = Release|Any CPU
		{C4C76958-1FB0-4B92-9991-C2AEBEADD081}.Debug|Any CPU.ActiveCfg = Debug|Any CPU
		{C4C76958-1FB0-4B92-9991-C2AEBEADD081}.Debug|Any CPU.Build.0 = Debug|Any CPU
		{C4C76958-1FB0-4B92-9991-C2AEBEADD081}.Release|Any CPU.ActiveCfg = Release|Any CPU
		{C4C76958-1FB0-4B92-9991-C2AEBEADD081}.Release|Any CPU.Build.0 = Release|Any CPU
		{E4911E89-420B-4EBE-B0D3-5FA25A3FE77C}.Debug|Any CPU.ActiveCfg = Debug|Any CPU
		{E4911E89-420B-4EBE-B0D3-5FA25A3FE77C}.Debug|Any CPU.Build.0 = Debug|Any CPU
		{E4911E89-420B-4EBE-B0D3-5FA25A3FE77C}.Release|Any CPU.ActiveCfg = Release|Any CPU
		{E4911E89-420B-4EBE-B0D3-5FA25A3FE77C}.Release|Any CPU.Build.0 = Release|Any CPU
		{107E32CD-445E-4B43-A1BC-3128A476B1D6}.Debug|Any CPU.ActiveCfg = Debug|Any CPU
		{107E32CD-445E-4B43-A1BC-3128A476B1D6}.Debug|Any CPU.Build.0 = Debug|Any CPU
		{107E32CD-445E-4B43-A1BC-3128A476B1D6}.Release|Any CPU.ActiveCfg = Release|Any CPU
		{107E32CD-445E-4B43-A1BC-3128A476B1D6}.Release|Any CPU.Build.0 = Release|Any CPU
	EndGlobalSection
	GlobalSection(SolutionProperties) = preSolution
		HideSolutionNode = FALSE
	EndGlobalSection
	GlobalSection(NestedProjects) = preSolution
		{B5BEB032-E221-4D2A-BB3F-13B5C37A1D3F} = {7EF6B71E-64CF-45D0-A9BC-0DB00D1D8723}
		{4C1C043E-8E14-47A7-96E7-6FB4EBF1D7BB} = {7EF6B71E-64CF-45D0-A9BC-0DB00D1D8723}
		{2B7B12A3-1C43-400F-8710-A50063DE4875} = {7EF6B71E-64CF-45D0-A9BC-0DB00D1D8723}
		{369EC7A5-0E62-46AF-9131-9020959AA933} = {4C1C043E-8E14-47A7-96E7-6FB4EBF1D7BB}
		{5286111B-0CD1-4E10-860A-E4999BF81590} = {4C1C043E-8E14-47A7-96E7-6FB4EBF1D7BB}
		{76ACEF88-4B5D-466B-80FE-423EB5BDAB83} = {B5BEB032-E221-4D2A-BB3F-13B5C37A1D3F}
		{C4C76958-1FB0-4B92-9991-C2AEBEADD081} = {2B7B12A3-1C43-400F-8710-A50063DE4875}
		{E4911E89-420B-4EBE-B0D3-5FA25A3FE77C} = {B5BEB032-E221-4D2A-BB3F-13B5C37A1D3F}
		{107E32CD-445E-4B43-A1BC-3128A476B1D6} = {2B7B12A3-1C43-400F-8710-A50063DE4875}
	EndGlobalSection
	GlobalSection(ExtensibilityGlobals) = postSolution
		SolutionGuid = {9067B285-7A0E-42D7-A4E2-A30C2865CFC3}
	EndGlobalSection
EndGlobal
